// !$*UTF8*$!
{
	archiveVersion = 1;
	classes = {
	};
	objectVersion = 50;
	objects = {

/* Begin PBXBuildFile section */
		C639BEFC2442840E0029EE97 /* AppDelegate.swift in Sources */ = {isa = PBXBuildFile; fileRef = C639BEFB2442840E0029EE97 /* AppDelegate.swift */; };
		C639BEFE2442840E0029EE97 /* SceneDelegate.swift in Sources */ = {isa = PBXBuildFile; fileRef = C639BEFD2442840E0029EE97 /* SceneDelegate.swift */; };
		C639BF002442840E0029EE97 /* ContentView.swift in Sources */ = {isa = PBXBuildFile; fileRef = C639BEFF2442840E0029EE97 /* ContentView.swift */; };
		C639BF02244284110029EE97 /* Assets.xcassets in Resources */ = {isa = PBXBuildFile; fileRef = C639BF01244284110029EE97 /* Assets.xcassets */; };
		C639BF05244284110029EE97 /* Preview Assets.xcassets in Resources */ = {isa = PBXBuildFile; fileRef = C639BF04244284110029EE97 /* Preview Assets.xcassets */; };
		C639BF08244284110029EE97 /* LaunchScreen.storyboard in Resources */ = {isa = PBXBuildFile; fileRef = C639BF06244284110029EE97 /* LaunchScreen.storyboard */; };
		C639BF13244284110029EE97 /* Honk_FrontendTests.swift in Sources */ = {isa = PBXBuildFile; fileRef = C639BF12244284110029EE97 /* Honk_FrontendTests.swift */; };
		C639BF1E244284110029EE97 /* Honk_FrontendUITests.swift in Sources */ = {isa = PBXBuildFile; fileRef = C639BF1D244284110029EE97 /* Honk_FrontendUITests.swift */; };
/* End PBXBuildFile section */

/* Begin PBXContainerItemProxy section */
		C639BF0F244284110029EE97 /* PBXContainerItemProxy */ = {
			isa = PBXContainerItemProxy;
			containerPortal = C639BEF02442840E0029EE97 /* Project object */;
			proxyType = 1;
			remoteGlobalIDString = C639BEF72442840E0029EE97;
			remoteInfo = "Honk-Frontend";
		};
		C639BF1A244284110029EE97 /* PBXContainerItemProxy */ = {
			isa = PBXContainerItemProxy;
			containerPortal = C639BEF02442840E0029EE97 /* Project object */;
			proxyType = 1;
			remoteGlobalIDString = C639BEF72442840E0029EE97;
			remoteInfo = "Honk-Frontend";
		};
/* End PBXContainerItemProxy section */

/* Begin PBXFileReference section */
		C639BEF82442840E0029EE97 /* Honk-Frontend.app */ = {isa = PBXFileReference; explicitFileType = wrapper.application; includeInIndex = 0; path = "Honk-Frontend.app"; sourceTree = BUILT_PRODUCTS_DIR; };
		C639BEFB2442840E0029EE97 /* AppDelegate.swift */ = {isa = PBXFileReference; lastKnownFileType = sourcecode.swift; path = AppDelegate.swift; sourceTree = "<group>"; };
		C639BEFD2442840E0029EE97 /* SceneDelegate.swift */ = {isa = PBXFileReference; lastKnownFileType = sourcecode.swift; path = SceneDelegate.swift; sourceTree = "<group>"; };
		C639BEFF2442840E0029EE97 /* ContentView.swift */ = {isa = PBXFileReference; lastKnownFileType = sourcecode.swift; path = ContentView.swift; sourceTree = "<group>"; };
		C639BF01244284110029EE97 /* Assets.xcassets */ = {isa = PBXFileReference; lastKnownFileType = folder.assetcatalog; path = Assets.xcassets; sourceTree = "<group>"; };
		C639BF04244284110029EE97 /* Preview Assets.xcassets */ = {isa = PBXFileReference; lastKnownFileType = folder.assetcatalog; path = "Preview Assets.xcassets"; sourceTree = "<group>"; };
		C639BF07244284110029EE97 /* Base */ = {isa = PBXFileReference; lastKnownFileType = file.storyboard; name = Base; path = Base.lproj/LaunchScreen.storyboard; sourceTree = "<group>"; };
		C639BF09244284110029EE97 /* Info.plist */ = {isa = PBXFileReference; lastKnownFileType = text.plist.xml; path = Info.plist; sourceTree = "<group>"; };
		C639BF0E244284110029EE97 /* Honk-FrontendTests.xctest */ = {isa = PBXFileReference; explicitFileType = wrapper.cfbundle; includeInIndex = 0; path = "Honk-FrontendTests.xctest"; sourceTree = BUILT_PRODUCTS_DIR; };
		C639BF12244284110029EE97 /* Honk_FrontendTests.swift */ = {isa = PBXFileReference; lastKnownFileType = sourcecode.swift; path = Honk_FrontendTests.swift; sourceTree = "<group>"; };
		C639BF14244284110029EE97 /* Info.plist */ = {isa = PBXFileReference; lastKnownFileType = text.plist.xml; path = Info.plist; sourceTree = "<group>"; };
		C639BF19244284110029EE97 /* Honk-FrontendUITests.xctest */ = {isa = PBXFileReference; explicitFileType = wrapper.cfbundle; includeInIndex = 0; path = "Honk-FrontendUITests.xctest"; sourceTree = BUILT_PRODUCTS_DIR; };
		C639BF1D244284110029EE97 /* Honk_FrontendUITests.swift */ = {isa = PBXFileReference; lastKnownFileType = sourcecode.swift; path = Honk_FrontendUITests.swift; sourceTree = "<group>"; };
		C639BF1F244284110029EE97 /* Info.plist */ = {isa = PBXFileReference; lastKnownFileType = text.plist.xml; path = Info.plist; sourceTree = "<group>"; };
/* End PBXFileReference section */

/* Begin PBXFrameworksBuildPhase section */
		C639BEF52442840E0029EE97 /* Frameworks */ = {
			isa = PBXFrameworksBuildPhase;
			buildActionMask = 2147483647;
			files = (
			);
			runOnlyForDeploymentPostprocessing = 0;
		};
		C639BF0B244284110029EE97 /* Frameworks */ = {
			isa = PBXFrameworksBuildPhase;
			buildActionMask = 2147483647;
			files = (
			);
			runOnlyForDeploymentPostprocessing = 0;
		};
		C639BF16244284110029EE97 /* Frameworks */ = {
			isa = PBXFrameworksBuildPhase;
			buildActionMask = 2147483647;
			files = (
			);
			runOnlyForDeploymentPostprocessing = 0;
		};
/* End PBXFrameworksBuildPhase section */

/* Begin PBXGroup section */
		C639BEEF2442840E0029EE97 = {
			isa = PBXGroup;
			children = (
				C639BEFA2442840E0029EE97 /* Honk-Frontend */,
				C639BF11244284110029EE97 /* Honk-FrontendTests */,
				C639BF1C244284110029EE97 /* Honk-FrontendUITests */,
				C639BEF92442840E0029EE97 /* Products */,
			);
			sourceTree = "<group>";
		};
		C639BEF92442840E0029EE97 /* Products */ = {
			isa = PBXGroup;
			children = (
				C639BEF82442840E0029EE97 /* Honk-Frontend.app */,
				C639BF0E244284110029EE97 /* Honk-FrontendTests.xctest */,
				C639BF19244284110029EE97 /* Honk-FrontendUITests.xctest */,
			);
			name = Products;
			sourceTree = "<group>";
		};
		C639BEFA2442840E0029EE97 /* Honk-Frontend */ = {
			isa = PBXGroup;
			children = (
				C639BEFB2442840E0029EE97 /* AppDelegate.swift */,
				C639BEFD2442840E0029EE97 /* SceneDelegate.swift */,
				C639BEFF2442840E0029EE97 /* ContentView.swift */,
				C639BF01244284110029EE97 /* Assets.xcassets */,
				C639BF06244284110029EE97 /* LaunchScreen.storyboard */,
				C639BF09244284110029EE97 /* Info.plist */,
				C639BF03244284110029EE97 /* Preview Content */,
			);
			path = "Honk-Frontend";
			sourceTree = "<group>";
		};
		C639BF03244284110029EE97 /* Preview Content */ = {
			isa = PBXGroup;
			children = (
				C639BF04244284110029EE97 /* Preview Assets.xcassets */,
			);
			path = "Preview Content";
			sourceTree = "<group>";
		};
		C639BF11244284110029EE97 /* Honk-FrontendTests */ = {
			isa = PBXGroup;
			children = (
				C639BF12244284110029EE97 /* Honk_FrontendTests.swift */,
				C639BF14244284110029EE97 /* Info.plist */,
			);
			path = "Honk-FrontendTests";
			sourceTree = "<group>";
		};
		C639BF1C244284110029EE97 /* Honk-FrontendUITests */ = {
			isa = PBXGroup;
			children = (
				C639BF1D244284110029EE97 /* Honk_FrontendUITests.swift */,
				C639BF1F244284110029EE97 /* Info.plist */,
			);
			path = "Honk-FrontendUITests";
			sourceTree = "<group>";
		};
/* End PBXGroup section */

/* Begin PBXNativeTarget section */
		C639BEF72442840E0029EE97 /* Honk-Frontend */ = {
			isa = PBXNativeTarget;
			buildConfigurationList = C639BF22244284110029EE97 /* Build configuration list for PBXNativeTarget "Honk-Frontend" */;
			buildPhases = (
				C639BEF42442840E0029EE97 /* Sources */,
				C639BEF52442840E0029EE97 /* Frameworks */,
				C639BEF62442840E0029EE97 /* Resources */,
			);
			buildRules = (
			);
			dependencies = (
			);
			name = "Honk-Frontend";
			productName = "Honk-Frontend";
			productReference = C639BEF82442840E0029EE97 /* Honk-Frontend.app */;
			productType = "com.apple.product-type.application";
		};
		C639BF0D244284110029EE97 /* Honk-FrontendTests */ = {
			isa = PBXNativeTarget;
			buildConfigurationList = C639BF25244284110029EE97 /* Build configuration list for PBXNativeTarget "Honk-FrontendTests" */;
			buildPhases = (
				C639BF0A244284110029EE97 /* Sources */,
				C639BF0B244284110029EE97 /* Frameworks */,
				C639BF0C244284110029EE97 /* Resources */,
			);
			buildRules = (
			);
			dependencies = (
				C639BF10244284110029EE97 /* PBXTargetDependency */,
			);
			name = "Honk-FrontendTests";
			productName = "Honk-FrontendTests";
			productReference = C639BF0E244284110029EE97 /* Honk-FrontendTests.xctest */;
			productType = "com.apple.product-type.bundle.unit-test";
		};
		C639BF18244284110029EE97 /* Honk-FrontendUITests */ = {
			isa = PBXNativeTarget;
			buildConfigurationList = C639BF28244284110029EE97 /* Build configuration list for PBXNativeTarget "Honk-FrontendUITests" */;
			buildPhases = (
				C639BF15244284110029EE97 /* Sources */,
				C639BF16244284110029EE97 /* Frameworks */,
				C639BF17244284110029EE97 /* Resources */,
			);
			buildRules = (
			);
			dependencies = (
				C639BF1B244284110029EE97 /* PBXTargetDependency */,
			);
			name = "Honk-FrontendUITests";
			productName = "Honk-FrontendUITests";
			productReference = C639BF19244284110029EE97 /* Honk-FrontendUITests.xctest */;
			productType = "com.apple.product-type.bundle.ui-testing";
		};
/* End PBXNativeTarget section */

/* Begin PBXProject section */
		C639BEF02442840E0029EE97 /* Project object */ = {
			isa = PBXProject;
			attributes = {
				LastSwiftUpdateCheck = 1140;
				LastUpgradeCheck = 1140;
				ORGANIZATIONNAME = Honk;
				TargetAttributes = {
					C639BEF72442840E0029EE97 = {
						CreatedOnToolsVersion = 11.4;
					};
					C639BF0D244284110029EE97 = {
						CreatedOnToolsVersion = 11.4;
						TestTargetID = C639BEF72442840E0029EE97;
					};
					C639BF18244284110029EE97 = {
						CreatedOnToolsVersion = 11.4;
						TestTargetID = C639BEF72442840E0029EE97;
					};
				};
			};
			buildConfigurationList = C639BEF32442840E0029EE97 /* Build configuration list for PBXProject "Honk-Frontend" */;
			compatibilityVersion = "Xcode 9.3";
			developmentRegion = en;
			hasScannedForEncodings = 0;
			knownRegions = (
				en,
				Base,
			);
			mainGroup = C639BEEF2442840E0029EE97;
			productRefGroup = C639BEF92442840E0029EE97 /* Products */;
			projectDirPath = "";
			projectRoot = "";
			targets = (
				C639BEF72442840E0029EE97 /* Honk-Frontend */,
				C639BF0D244284110029EE97 /* Honk-FrontendTests */,
				C639BF18244284110029EE97 /* Honk-FrontendUITests */,
			);
		};
/* End PBXProject section */

/* Begin PBXResourcesBuildPhase section */
		C639BEF62442840E0029EE97 /* Resources */ = {
			isa = PBXResourcesBuildPhase;
			buildActionMask = 2147483647;
			files = (
				C639BF08244284110029EE97 /* LaunchScreen.storyboard in Resources */,
				C639BF05244284110029EE97 /* Preview Assets.xcassets in Resources */,
				C639BF02244284110029EE97 /* Assets.xcassets in Resources */,
			);
			runOnlyForDeploymentPostprocessing = 0;
		};
		C639BF0C244284110029EE97 /* Resources */ = {
			isa = PBXResourcesBuildPhase;
			buildActionMask = 2147483647;
			files = (
			);
			runOnlyForDeploymentPostprocessing = 0;
		};
		C639BF17244284110029EE97 /* Resources */ = {
			isa = PBXResourcesBuildPhase;
			buildActionMask = 2147483647;
			files = (
			);
			runOnlyForDeploymentPostprocessing = 0;
		};
/* End PBXResourcesBuildPhase section */

/* Begin PBXSourcesBuildPhase section */
		C639BEF42442840E0029EE97 /* Sources */ = {
			isa = PBXSourcesBuildPhase;
			buildActionMask = 2147483647;
			files = (
				C639BEFC2442840E0029EE97 /* AppDelegate.swift in Sources */,
				C639BEFE2442840E0029EE97 /* SceneDelegate.swift in Sources */,
				C639BF002442840E0029EE97 /* ContentView.swift in Sources */,
			);
			runOnlyForDeploymentPostprocessing = 0;
		};
		C639BF0A244284110029EE97 /* Sources */ = {
			isa = PBXSourcesBuildPhase;
			buildActionMask = 2147483647;
			files = (
				C639BF13244284110029EE97 /* Honk_FrontendTests.swift in Sources */,
			);
			runOnlyForDeploymentPostprocessing = 0;
		};
		C639BF15244284110029EE97 /* Sources */ = {
			isa = PBXSourcesBuildPhase;
			buildActionMask = 2147483647;
			files = (
				C639BF1E244284110029EE97 /* Honk_FrontendUITests.swift in Sources */,
			);
			runOnlyForDeploymentPostprocessing = 0;
		};
/* End PBXSourcesBuildPhase section */

/* Begin PBXTargetDependency section */
		C639BF10244284110029EE97 /* PBXTargetDependency */ = {
			isa = PBXTargetDependency;
			target = C639BEF72442840E0029EE97 /* Honk-Frontend */;
			targetProxy = C639BF0F244284110029EE97 /* PBXContainerItemProxy */;
		};
		C639BF1B244284110029EE97 /* PBXTargetDependency */ = {
			isa = PBXTargetDependency;
			target = C639BEF72442840E0029EE97 /* Honk-Frontend */;
			targetProxy = C639BF1A244284110029EE97 /* PBXContainerItemProxy */;
		};
/* End PBXTargetDependency section */

/* Begin PBXVariantGroup section */
		C639BF06244284110029EE97 /* LaunchScreen.storyboard */ = {
			isa = PBXVariantGroup;
			children = (
				C639BF07244284110029EE97 /* Base */,
			);
			name = LaunchScreen.storyboard;
			sourceTree = "<group>";
		};
/* End PBXVariantGroup section */

/* Begin XCBuildConfiguration section */
		C639BF20244284110029EE97 /* Debug */ = {
			isa = XCBuildConfiguration;
			buildSettings = {
				ALWAYS_SEARCH_USER_PATHS = NO;
				CLANG_ANALYZER_NONNULL = YES;
				CLANG_ANALYZER_NUMBER_OBJECT_CONVERSION = YES_AGGRESSIVE;
				CLANG_CXX_LANGUAGE_STANDARD = "gnu++14";
				CLANG_CXX_LIBRARY = "libc++";
				CLANG_ENABLE_MODULES = YES;
				CLANG_ENABLE_OBJC_ARC = YES;
				CLANG_ENABLE_OBJC_WEAK = YES;
				CLANG_WARN_BLOCK_CAPTURE_AUTORELEASING = YES;
				CLANG_WARN_BOOL_CONVERSION = YES;
				CLANG_WARN_COMMA = YES;
				CLANG_WARN_CONSTANT_CONVERSION = YES;
				CLANG_WARN_DEPRECATED_OBJC_IMPLEMENTATIONS = YES;
				CLANG_WARN_DIRECT_OBJC_ISA_USAGE = YES_ERROR;
				CLANG_WARN_DOCUMENTATION_COMMENTS = YES;
				CLANG_WARN_EMPTY_BODY = YES;
				CLANG_WARN_ENUM_CONVERSION = YES;
				CLANG_WARN_INFINITE_RECURSION = YES;
				CLANG_WARN_INT_CONVERSION = YES;
				CLANG_WARN_NON_LITERAL_NULL_CONVERSION = YES;
				CLANG_WARN_OBJC_IMPLICIT_RETAIN_SELF = YES;
				CLANG_WARN_OBJC_LITERAL_CONVERSION = YES;
				CLANG_WARN_OBJC_ROOT_CLASS = YES_ERROR;
				CLANG_WARN_RANGE_LOOP_ANALYSIS = YES;
				CLANG_WARN_STRICT_PROTOTYPES = YES;
				CLANG_WARN_SUSPICIOUS_MOVE = YES;
				CLANG_WARN_UNGUARDED_AVAILABILITY = YES_AGGRESSIVE;
				CLANG_WARN_UNREACHABLE_CODE = YES;
				CLANG_WARN__DUPLICATE_METHOD_MATCH = YES;
				COPY_PHASE_STRIP = NO;
				DEBUG_INFORMATION_FORMAT = dwarf;
				ENABLE_STRICT_OBJC_MSGSEND = YES;
				ENABLE_TESTABILITY = YES;
				GCC_C_LANGUAGE_STANDARD = gnu11;
				GCC_DYNAMIC_NO_PIC = NO;
				GCC_NO_COMMON_BLOCKS = YES;
				GCC_OPTIMIZATION_LEVEL = 0;
				GCC_PREPROCESSOR_DEFINITIONS = (
					"DEBUG=1",
					"$(inherited)",
				);
				GCC_WARN_64_TO_32_BIT_CONVERSION = YES;
				GCC_WARN_ABOUT_RETURN_TYPE = YES_ERROR;
				GCC_WARN_UNDECLARED_SELECTOR = YES;
				GCC_WARN_UNINITIALIZED_AUTOS = YES_AGGRESSIVE;
				GCC_WARN_UNUSED_FUNCTION = YES;
				GCC_WARN_UNUSED_VARIABLE = YES;
				IPHONEOS_DEPLOYMENT_TARGET = 13.4;
				MTL_ENABLE_DEBUG_INFO = INCLUDE_SOURCE;
				MTL_FAST_MATH = YES;
				ONLY_ACTIVE_ARCH = YES;
				SDKROOT = iphoneos;
				SWIFT_ACTIVE_COMPILATION_CONDITIONS = DEBUG;
				SWIFT_OPTIMIZATION_LEVEL = "-Onone";
			};
			name = Debug;
		};
		C639BF21244284110029EE97 /* Release */ = {
			isa = XCBuildConfiguration;
			buildSettings = {
				ALWAYS_SEARCH_USER_PATHS = NO;
				CLANG_ANALYZER_NONNULL = YES;
				CLANG_ANALYZER_NUMBER_OBJECT_CONVERSION = YES_AGGRESSIVE;
				CLANG_CXX_LANGUAGE_STANDARD = "gnu++14";
				CLANG_CXX_LIBRARY = "libc++";
				CLANG_ENABLE_MODULES = YES;
				CLANG_ENABLE_OBJC_ARC = YES;
				CLANG_ENABLE_OBJC_WEAK = YES;
				CLANG_WARN_BLOCK_CAPTURE_AUTORELEASING = YES;
				CLANG_WARN_BOOL_CONVERSION = YES;
				CLANG_WARN_COMMA = YES;
				CLANG_WARN_CONSTANT_CONVERSION = YES;
				CLANG_WARN_DEPRECATED_OBJC_IMPLEMENTATIONS = YES;
				CLANG_WARN_DIRECT_OBJC_ISA_USAGE = YES_ERROR;
				CLANG_WARN_DOCUMENTATION_COMMENTS = YES;
				CLANG_WARN_EMPTY_BODY = YES;
				CLANG_WARN_ENUM_CONVERSION = YES;
				CLANG_WARN_INFINITE_RECURSION = YES;
				CLANG_WARN_INT_CONVERSION = YES;
				CLANG_WARN_NON_LITERAL_NULL_CONVERSION = YES;
				CLANG_WARN_OBJC_IMPLICIT_RETAIN_SELF = YES;
				CLANG_WARN_OBJC_LITERAL_CONVERSION = YES;
				CLANG_WARN_OBJC_ROOT_CLASS = YES_ERROR;
				CLANG_WARN_RANGE_LOOP_ANALYSIS = YES;
				CLANG_WARN_STRICT_PROTOTYPES = YES;
				CLANG_WARN_SUSPICIOUS_MOVE = YES;
				CLANG_WARN_UNGUARDED_AVAILABILITY = YES_AGGRESSIVE;
				CLANG_WARN_UNREACHABLE_CODE = YES;
				CLANG_WARN__DUPLICATE_METHOD_MATCH = YES;
				COPY_PHASE_STRIP = NO;
				DEBUG_INFORMATION_FORMAT = "dwarf-with-dsym";
				ENABLE_NS_ASSERTIONS = NO;
				ENABLE_STRICT_OBJC_MSGSEND = YES;
				GCC_C_LANGUAGE_STANDARD = gnu11;
				GCC_NO_COMMON_BLOCKS = YES;
				GCC_WARN_64_TO_32_BIT_CONVERSION = YES;
				GCC_WARN_ABOUT_RETURN_TYPE = YES_ERROR;
				GCC_WARN_UNDECLARED_SELECTOR = YES;
				GCC_WARN_UNINITIALIZED_AUTOS = YES_AGGRESSIVE;
				GCC_WARN_UNUSED_FUNCTION = YES;
				GCC_WARN_UNUSED_VARIABLE = YES;
				IPHONEOS_DEPLOYMENT_TARGET = 13.4;
				MTL_ENABLE_DEBUG_INFO = NO;
				MTL_FAST_MATH = YES;
				SDKROOT = iphoneos;
				SWIFT_COMPILATION_MODE = wholemodule;
				SWIFT_OPTIMIZATION_LEVEL = "-O";
				VALIDATE_PRODUCT = YES;
			};
			name = Release;
		};
		C639BF23244284110029EE97 /* Debug */ = {
			isa = XCBuildConfiguration;
			buildSettings = {
				ASSETCATALOG_COMPILER_APPICON_NAME = AppIcon;
				CODE_SIGN_STYLE = Automatic;
				DEVELOPMENT_ASSET_PATHS = "\"Honk-Frontend/Preview Content\"";
				ENABLE_PREVIEWS = YES;
				INFOPLIST_FILE = "Honk-Frontend/Info.plist";
				LD_RUNPATH_SEARCH_PATHS = (
					"$(inherited)",
					"@executable_path/Frameworks",
				);
				PRODUCT_BUNDLE_IDENTIFIER = "Honk.Honk-Frontend";
				PRODUCT_NAME = "$(TARGET_NAME)";
				SWIFT_VERSION = 5.0;
				TARGETED_DEVICE_FAMILY = "1,2";
			};
			name = Debug;
		};
		C639BF24244284110029EE97 /* Release */ = {
			isa = XCBuildConfiguration;
			buildSettings = {
				ASSETCATALOG_COMPILER_APPICON_NAME = AppIcon;
				CODE_SIGN_STYLE = Automatic;
				DEVELOPMENT_ASSET_PATHS = "\"Honk-Frontend/Preview Content\"";
				ENABLE_PREVIEWS = YES;
				INFOPLIST_FILE = "Honk-Frontend/Info.plist";
				LD_RUNPATH_SEARCH_PATHS = (
					"$(inherited)",
					"@executable_path/Frameworks",
				);
				PRODUCT_BUNDLE_IDENTIFIER = "Honk.Honk-Frontend";
				PRODUCT_NAME = "$(TARGET_NAME)";
				SWIFT_VERSION = 5.0;
				TARGETED_DEVICE_FAMILY = "1,2";
			};
			name = Release;
		};
		C639BF26244284110029EE97 /* Debug */ = {
			isa = XCBuildConfiguration;
			buildSettings = {
				ALWAYS_EMBED_SWIFT_STANDARD_LIBRARIES = YES;
				BUNDLE_LOADER = "$(TEST_HOST)";
				CODE_SIGN_STYLE = Automatic;
				INFOPLIST_FILE = "Honk-FrontendTests/Info.plist";
				IPHONEOS_DEPLOYMENT_TARGET = 13.4;
				LD_RUNPATH_SEARCH_PATHS = (
					"$(inherited)",
					"@executable_path/Frameworks",
					"@loader_path/Frameworks",
				);
				PRODUCT_BUNDLE_IDENTIFIER = "Honk.Honk-FrontendTests";
				PRODUCT_NAME = "$(TARGET_NAME)";
				SWIFT_VERSION = 5.0;
				TARGETED_DEVICE_FAMILY = "1,2";
				TEST_HOST = "$(BUILT_PRODUCTS_DIR)/Honk-Frontend.app/Honk-Frontend";
			};
			name = Debug;
		};
		C639BF27244284110029EE97 /* Release */ = {
			isa = XCBuildConfiguration;
			buildSettings = {
				ALWAYS_EMBED_SWIFT_STANDARD_LIBRARIES = YES;
				BUNDLE_LOADER = "$(TEST_HOST)";
				CODE_SIGN_STYLE = Automatic;
				INFOPLIST_FILE = "Honk-FrontendTests/Info.plist";
				IPHONEOS_DEPLOYMENT_TARGET = 13.4;
				LD_RUNPATH_SEARCH_PATHS = (
					"$(inherited)",
					"@executable_path/Frameworks",
					"@loader_path/Frameworks",
				);
				PRODUCT_BUNDLE_IDENTIFIER = "Honk.Honk-FrontendTests";
				PRODUCT_NAME = "$(TARGET_NAME)";
				SWIFT_VERSION = 5.0;
				TARGETED_DEVICE_FAMILY = "1,2";
				TEST_HOST = "$(BUILT_PRODUCTS_DIR)/Honk-Frontend.app/Honk-Frontend";
			};
			name = Release;
		};
		C639BF29244284110029EE97 /* Debug */ = {
			isa = XCBuildConfiguration;
			buildSettings = {
				ALWAYS_EMBED_SWIFT_STANDARD_LIBRARIES = YES;
				CODE_SIGN_STYLE = Automatic;
				INFOPLIST_FILE = "Honk-FrontendUITests/Info.plist";
				LD_RUNPATH_SEARCH_PATHS = (
					"$(inherited)",
					"@executable_path/Frameworks",
					"@loader_path/Frameworks",
				);
				PRODUCT_BUNDLE_IDENTIFIER = "Honk.Honk-FrontendUITests";
				PRODUCT_NAME = "$(TARGET_NAME)";
				SWIFT_VERSION = 5.0;
				TARGETED_DEVICE_FAMILY = "1,2";
				TEST_TARGET_NAME = "Honk-Frontend";
			};
			name = Debug;
		};
		C639BF2A244284110029EE97 /* Release */ = {
			isa = XCBuildConfiguration;
			buildSettings = {
				ALWAYS_EMBED_SWIFT_STANDARD_LIBRARIES = YES;
				CODE_SIGN_STYLE = Automatic;
				INFOPLIST_FILE = "Honk-FrontendUITests/Info.plist";
				LD_RUNPATH_SEARCH_PATHS = (
					"$(inherited)",
					"@executable_path/Frameworks",
					"@loader_path/Frameworks",
				);
				PRODUCT_BUNDLE_IDENTIFIER = "Honk.Honk-FrontendUITests";
				PRODUCT_NAME = "$(TARGET_NAME)";
				SWIFT_VERSION = 5.0;
				TARGETED_DEVICE_FAMILY = "1,2";
				TEST_TARGET_NAME = "Honk-Frontend";
			};
			name = Release;
		};
/* End XCBuildConfiguration section */

/* Begin XCConfigurationList section */
		C639BEF32442840E0029EE97 /* Build configuration list for PBXProject "Honk-Frontend" */ = {
			isa = XCConfigurationList;
			buildConfigurations = (
				C639BF20244284110029EE97 /* Debug */,
				C639BF21244284110029EE97 /* Release */,
			);
			defaultConfigurationIsVisible = 0;
			defaultConfigurationName = Release;
		};
		C639BF22244284110029EE97 /* Build configuration list for PBXNativeTarget "Honk-Frontend" */ = {
			isa = XCConfigurationList;
			buildConfigurations = (
				C639BF23244284110029EE97 /* Debug */,
				C639BF24244284110029EE97 /* Release */,
			);
			defaultConfigurationIsVisible = 0;
			defaultConfigurationName = Release;
		};
		C639BF25244284110029EE97 /* Build configuration list for PBXNativeTarget "Honk-FrontendTests" */ = {
			isa = XCConfigurationList;
			buildConfigurations = (
				C639BF26244284110029EE97 /* Debug */,
				C639BF27244284110029EE97 /* Release */,
			);
			defaultConfigurationIsVisible = 0;
			defaultConfigurationName = Release;
		};
		C639BF28244284110029EE97 /* Build configuration list for PBXNativeTarget "Honk-FrontendUITests" */ = {
			isa = XCConfigurationList;
			buildConfigurations = (
				C639BF29244284110029EE97 /* Debug */,
				C639BF2A244284110029EE97 /* Release */,
			);
			defaultConfigurationIsVisible = 0;
			defaultConfigurationName = Release;
		};
/* End XCConfigurationList section */
	};
	rootObject = C639BEF02442840E0029EE97 /* Project object */;
}
